
Microsoft Visual Studio Solution File, Format Version 12.00
# Visual Studio Version 17
VisualStudioVersion = 17.0.31903.59
MinimumVisualStudioVersion = 10.0.40219.1
Project("{2150E333-8FDC-42A3-9474-1A3956D46DE8}") = "src", "src", "{827E0CD3-B72D-47B6-A68D-7590B98EB39B}"
EndProject
Project("{FAE04EC0-301F-11D3-BF4B-00C04F79EFBC}") = "TSqlFormatter.Core", "src\TSqlFormatter.Core\TSqlFormatter.Core.csproj", "{14094104-2AEF-4A81-9187-28E7E9672356}"
EndProject
Project("{FAE04EC0-301F-11D3-BF4B-00C04F79EFBC}") = "TSqlFormatter.Configuration", "src\TSqlFormatter.Configuration\TSqlFormatter.Configuration.csproj", "{A24A9909-29EE-482E-A6A6-3C892B5094E1}"
EndProject
Project("{FAE04EC0-301F-11D3-BF4B-00C04F79EFBC}") = "TSqlFormatter.Cli", "src\TSqlFormatter.Cli\TSqlFormatter.Cli.csproj", "{6113D2C5-1537-4965-BAC5-4189D075907A}"
EndProject
Project("{2150E333-8FDC-42A3-9474-1A3956D46DE8}") = "benchmarks", "benchmarks", "{E4C69736-5B05-4FBF-9F6D-22F4B0B586DE}"
EndProject
Project("{FAE04EC0-301F-11D3-BF4B-00C04F79EFBC}") = "TSqlFormatter.Benchmarks", "benchmarks\TSqlFormatter.Benchmarks\TSqlFormatter.Benchmarks.csproj", "{D43E8B63-4677-47CF-BA98-2849D24FFB2C}"
EndProject
Project("{2150E333-8FDC-42A3-9474-1A3956D46DE8}") = "tests", "tests", "{0AB3BF05-4346-4AA6-1389-037BE0695223}"
EndProject
Project("{FAE04EC0-301F-11D3-BF4B-00C04F79EFBC}") = "TSqlFormatter.Core.Tests", "tests\TSqlFormatter.Core.Tests\TSqlFormatter.Core.Tests.csproj", "{2F0E85D9-DFF7-4993-8AD4-A15E46176222}"
EndProject
Project("{FAE04EC0-301F-11D3-BF4B-00C04F79EFBC}") = "TSqlFormatter.GoldenTests", "tests\TSqlFormatter.GoldenTests\TSqlFormatter.GoldenTests.csproj", "{F0706E1C-614D-4674-9583-10E3C900FA7B}"
EndProject
Global
	GlobalSection(SolutionConfigurationPlatforms) = preSolution
		Debug|Any CPU = Debug|Any CPU
		Debug|x64 = Debug|x64
		Debug|x86 = Debug|x86
		Release|Any CPU = Release|Any CPU
		Release|x64 = Release|x64
		Release|x86 = Release|x86
	EndGlobalSection
	GlobalSection(ProjectConfigurationPlatforms) = postSolution
		{14094104-2AEF-4A81-9187-28E7E9672356}.Debug|Any CPU.ActiveCfg = Debug|Any CPU
		{14094104-2AEF-4A81-9187-28E7E9672356}.Debug|Any CPU.Build.0 = Debug|Any CPU
		{14094104-2AEF-4A81-9187-28E7E9672356}.Debug|x64.ActiveCfg = Debug|Any CPU
		{14094104-2AEF-4A81-9187-28E7E9672356}.Debug|x64.Build.0 = Debug|Any CPU
		{14094104-2AEF-4A81-9187-28E7E9672356}.Debug|x86.ActiveCfg = Debug|Any CPU
		{14094104-2AEF-4A81-9187-28E7E9672356}.Debug|x86.Build.0 = Debug|Any CPU
		{14094104-2AEF-4A81-9187-28E7E9672356}.Release|Any CPU.ActiveCfg = Release|Any CPU
		{14094104-2AEF-4A81-9187-28E7E9672356}.Release|Any CPU.Build.0 = Release|Any CPU
		{14094104-2AEF-4A81-9187-28E7E9672356}.Release|x64.ActiveCfg = Release|Any CPU
		{14094104-2AEF-4A81-9187-28E7E9672356}.Release|x64.Build.0 = Release|Any CPU
		{14094104-2AEF-4A81-9187-28E7E9672356}.Release|x86.ActiveCfg = Release|Any CPU
		{14094104-2AEF-4A81-9187-28E7E9672356}.Release|x86.Build.0 = Release|Any CPU
		{A24A9909-29EE-482E-A6A6-3C892B5094E1}.Debug|Any CPU.ActiveCfg = Debug|Any CPU
		{A24A9909-29EE-482E-A6A6-3C892B5094E1}.Debug|Any CPU.Build.0 = Debug|Any CPU
		{A24A9909-29EE-482E-A6A6-3C892B5094E1}.Debug|x64.ActiveCfg = Debug|Any CPU
		{A24A9909-29EE-482E-A6A6-3C892B5094E1}.Debug|x64.Build.0 = Debug|Any CPU
		{A24A9909-29EE-482E-A6A6-3C892B5094E1}.Debug|x86.ActiveCfg = Debug|Any CPU
		{A24A9909-29EE-482E-A6A6-3C892B5094E1}.Debug|x86.Build.0 = Debug|Any CPU
		{A24A9909-29EE-482E-A6A6-3C892B5094E1}.Release|Any CPU.ActiveCfg = Release|Any CPU
		{A24A9909-29EE-482E-A6A6-3C892B5094E1}.Release|Any CPU.Build.0 = Release|Any CPU
		{A24A9909-29EE-482E-A6A6-3C892B5094E1}.Release|x64.ActiveCfg = Release|Any CPU
		{A24A9909-29EE-482E-A6A6-3C892B5094E1}.Release|x64.Build.0 = Release|Any CPU
		{A24A9909-29EE-482E-A6A6-3C892B5094E1}.Release|x86.ActiveCfg = Release|Any CPU
		{A24A9909-29EE-482E-A6A6-3C892B5094E1}.Release|x86.Build.0 = Release|Any CPU
		{6113D2C5-1537-4965-BAC5-4189D075907A}.Debug|Any CPU.ActiveCfg = Debug|Any CPU
		{6113D2C5-1537-4965-BAC5-4189D075907A}.Debug|Any CPU.Build.0 = Debug|Any CPU
		{6113D2C5-1537-4965-BAC5-4189D075907A}.Debug|x64.ActiveCfg = Debug|Any CPU
		{6113D2C5-1537-4965-BAC5-4189D075907A}.Debug|x64.Build.0 = Debug|Any CPU
		{6113D2C5-1537-4965-BAC5-4189D075907A}.Debug|x86.ActiveCfg = Debug|Any CPU
		{6113D2C5-1537-4965-BAC5-4189D075907A}.Debug|x86.Build.0 = Debug|Any CPU
		{6113D2C5-1537-4965-BAC5-4189D075907A}.Release|Any CPU.ActiveCfg = Release|Any CPU
		{6113D2C5-1537-4965-BAC5-4189D075907A}.Release|Any CPU.Build.0 = Release|Any CPU
		{6113D2C5-1537-4965-BAC5-4189D075907A}.Release|x64.ActiveCfg = Release|Any CPU
		{6113D2C5-1537-4965-BAC5-4189D075907A}.Release|x64.Build.0 = Release|Any CPU
		{6113D2C5-1537-4965-BAC5-4189D075907A}.Release|x86.ActiveCfg = Release|Any CPU
		{6113D2C5-1537-4965-BAC5-4189D075907A}.Release|x86.Build.0 = Release|Any CPU
		{D43E8B63-4677-47CF-BA98-2849D24FFB2C}.Debug|Any CPU.ActiveCfg = Debug|Any CPU
		{D43E8B63-4677-47CF-BA98-2849D24FFB2C}.Debug|Any CPU.Build.0 = Debug|Any CPU
		{D43E8B63-4677-47CF-BA98-2849D24FFB2C}.Debug|x64.ActiveCfg = Debug|Any CPU
		{D43E8B63-4677-47CF-BA98-2849D24FFB2C}.Debug|x64.Build.0 = Debug|Any CPU
		{D43E8B63-4677-47CF-BA98-2849D24FFB2C}.Debug|x86.ActiveCfg = Debug|Any CPU
		{D43E8B63-4677-47CF-BA98-2849D24FFB2C}.Debug|x86.Build.0 = Debug|Any CPU
		{D43E8B63-4677-47CF-BA98-2849D24FFB2C}.Release|Any CPU.ActiveCfg = Release|Any CPU
		{D43E8B63-4677-47CF-BA98-2849D24FFB2C}.Release|Any CPU.Build.0 = Release|Any CPU
		{D43E8B63-4677-47CF-BA98-2849D24FFB2C}.Release|x64.ActiveCfg = Release|Any CPU
		{D43E8B63-4677-47CF-BA98-2849D24FFB2C}.Release|x64.Build.0 = Release|Any CPU
		{D43E8B63-4677-47CF-BA98-2849D24FFB2C}.Release|x86.ActiveCfg = Release|Any CPU
		{D43E8B63-4677-47CF-BA98-2849D24FFB2C}.Release|x86.Build.0 = Release|Any CPU
		{2F0E85D9-DFF7-4993-8AD4-A15E46176222}.Debug|Any CPU.ActiveCfg = Debug|Any CPU
		{2F0E85D9-DFF7-4993-8AD4-A15E46176222}.Debug|Any CPU.Build.0 = Debug|Any CPU
		{2F0E85D9-DFF7-4993-8AD4-A15E46176222}.Debug|x64.ActiveCfg = Debug|Any CPU
		{2F0E85D9-DFF7-4993-8AD4-A15E46176222}.Debug|x64.Build.0 = Debug|Any CPU
		{2F0E85D9-DFF7-4993-8AD4-A15E46176222}.Debug|x86.ActiveCfg = Debug|Any CPU
		{2F0E85D9-DFF7-4993-8AD4-A15E46176222}.Debug|x86.Build.0 = Debug|Any CPU
		{2F0E85D9-DFF7-4993-8AD4-A15E46176222}.Release|Any CPU.ActiveCfg = Release|Any CPU
		{2F0E85D9-DFF7-4993-8AD4-A15E46176222}.Release|Any CPU.Build.0 = Release|Any CPU
		{2F0E85D9-DFF7-4993-8AD4-A15E46176222}.Release|x64.ActiveCfg = Release|Any CPU
		{2F0E85D9-DFF7-4993-8AD4-A15E46176222}.Release|x64.Build.0 = Release|Any CPU
		{2F0E85D9-DFF7-4993-8AD4-A15E46176222}.Release|x86.ActiveCfg = Release|Any CPU
		{2F0E85D9-DFF7-4993-8AD4-A15E46176222}.Release|x86.Build.0 = Release|Any CPU
		{F0706E1C-614D-4674-9583-10E3C900FA7B}.Debug|Any CPU.ActiveCfg = Debug|Any CPU
		{F0706E1C-614D-4674-9583-10E3C900FA7B}.Debug|Any CPU.Build.0 = Debug|Any CPU
		{F0706E1C-614D-4674-9583-10E3C900FA7B}.Debug|x64.ActiveCfg = Debug|Any CPU
		{F0706E1C-614D-4674-9583-10E3C900FA7B}.Debug|x64.Build.0 = Debug|Any CPU
		{F0706E1C-614D-4674-9583-10E3C900FA7B}.Debug|x86.ActiveCfg = Debug|Any CPU
		{F0706E1C-614D-4674-9583-10E3C900FA7B}.Debug|x86.Build.0 = Debug|Any CPU
		{F0706E1C-614D-4674-9583-10E3C900FA7B}.Release|Any CPU.ActiveCfg = Release|Any CPU
		{F0706E1C-614D-4674-9583-10E3C900FA7B}.Release|Any CPU.Build.0 = Release|Any CPU
		{F0706E1C-614D-4674-9583-10E3C900FA7B}.Release|x64.ActiveCfg = Release|Any CPU
		{F0706E1C-614D-4674-9583-10E3C900FA7B}.Release|x64.Build.0 = Release|Any CPU
		{F0706E1C-614D-4674-9583-10E3C900FA7B}.Release|x86.ActiveCfg = Release|Any CPU
		{F0706E1C-614D-4674-9583-10E3C900FA7B}.Release|x86.Build.0 = Release|Any CPU
	EndGlobalSection
	GlobalSection(SolutionProperties) = preSolution
		HideSolutionNode = FALSE
	EndGlobalSection
	GlobalSection(NestedProjects) = preSolution
		{14094104-2AEF-4A81-9187-28E7E9672356} = {827E0CD3-B72D-47B6-A68D-7590B98EB39B}
		{A24A9909-29EE-482E-A6A6-3C892B5094E1} = {827E0CD3-B72D-47B6-A68D-7590B98EB39B}
		{6113D2C5-1537-4965-BAC5-4189D075907A} = {827E0CD3-B72D-47B6-A68D-7590B98EB39B}
		{D43E8B63-4677-47CF-BA98-2849D24FFB2C} = {E4C69736-5B05-4FBF-9F6D-22F4B0B586DE}
		{2F0E85D9-DFF7-4993-8AD4-A15E46176222} = {0AB3BF05-4346-4AA6-1389-037BE0695223}
		{F0706E1C-614D-4674-9583-10E3C900FA7B} = {0AB3BF05-4346-4AA6-1389-037BE0695223}
	EndGlobalSection
EndGlobal
